
Microsoft Visual Studio Solution File, Format Version 12.00
# Visual Studio Version 17
VisualStudioVersion = 17.7.34024.191
MinimumVisualStudioVersion = 10.0.40219.1
Project("{8BC9CEB8-8B4A-11D0-8D11-00A0C91BC942}") = "Home3", "Home3.vcxproj", "{B3BD094A-87A2-43FA-A4D9-63E7EC7BA9CE}"
EndProject
Global
	GlobalSection(SolutionConfigurationPlatforms) = preSolution
		Debug|x64 = Debug|x64
		Debug|x86 = Debug|x86
		Release|x64 = Release|x64
		Release|x86 = Release|x86
	EndGlobalSection
	GlobalSection(ProjectConfigurationPlatforms) = postSolution
		{B3BD094A-87A2-43FA-A4D9-63E7EC7BA9CE}.Debug|x64.ActiveCfg = Debug|x64
		{B3BD094A-87A2-43FA-A4D9-63E7EC7BA9CE}.Debug|x64.Build.0 = Debug|x64
		{B3BD094A-87A2-43FA-A4D9-63E7EC7BA9CE}.Debug|x86.ActiveCfg = Debug|Win32
		{B3BD094A-87A2-43FA-A4D9-63E7EC7BA9CE}.Debug|x86.Build.0 = Debug|Win32
		{B3BD094A-87A2-43FA-A4D9-63E7EC7BA9CE}.Release|x64.ActiveCfg = Release|x64
		{B3BD094A-87A2-43FA-A4D9-63E7EC7BA9CE}.Release|x64.Build.0 = Release|x64
		{B3BD094A-87A2-43FA-A4D9-63E7EC7BA9CE}.Release|x86.ActiveCfg = Release|Win32
		{B3BD094A-87A2-43FA-A4D9-63E7EC7BA9CE}.Release|x86.Build.0 = Release|Win32
	EndGlobalSection
	GlobalSection(SolutionProperties) = preSolution
		HideSolutionNode = FALSE
	EndGlobalSection
	GlobalSection(ExtensibilityGlobals) = postSolution
		SolutionGuid = {3B98C479-342E-44FA-A6B7-7F3D4968EB2E}
	EndGlobalSection
EndGlobal
